github.com/GoRedTeam/redteamcareers-content v0.0.0-20241114220633-ea04c1bab902 h1:Zv5kDfP0XvAoOGeKlOlYjjLZN2a2bemmI0FyXS/4WIg=
github.com/GoRedTeam/redteamcareers-content v0.0.0-20241114220633-ea04c1bab902/go.mod h1:/NMa98cbCjfW57diMcwmLEX6jiOYwqgfGLE9inF9aaU=
github.com/GoRedTeam/redteamcareers-theme v0.0.0-20241114221618-9cfa89524822 h1:XMt7as8/o2xyjZYfQJNpaKF2gU6HTM1ZuscomNhM6Nw=
github.com/GoRedTeam/redteamcareers-theme v0.0.0-20241114221618-9cfa89524822/go.mod h1:RvXDcPLyuJRZqQJQZwayFrQuXGU+PyzzoSUAZ4eqvEo=
